
Microsoft Visual Studio Solution File, Format Version 12.00
Project("{F2A71F9B-5D33-465A-A702-920D77279786}") = "Pocindle.Domain", "Pocindle.Domain\Pocindle.Domain.fsproj", "{C9868CB0-D58E-42DD-AAB5-6E4BC42E0CEB}"
EndProject
Project("{F2A71F9B-5D33-465A-A702-920D77279786}") = "Pocindle.Convert", "Pocindle.Convert\Pocindle.Convert.fsproj", "{5FDFAF8E-9790-4D1F-8D51-CCB0C9037946}"
EndProject
Project("{F2A71F9B-5D33-465A-A702-920D77279786}") = "Pocindle.Playground", "Pocindle.Playground\Pocindle.Playground.fsproj", "{7080C66E-CA9A-437B-9F15-474EF5B30E56}"
EndProject
Project("{F2A71F9B-5D33-465A-A702-920D77279786}") = "Pocindle.Pocket", "Pocindle.Pocket\Pocindle.Pocket.fsproj", "{30F1A8F8-CBB2-42FD-B69B-EB449A01320A}"
EndProject
Project("{F2A71F9B-5D33-465A-A702-920D77279786}") = "Pocindle.Common", "Pocindle.Common\Pocindle.Common.fsproj", "{C01D67E7-BFE5-404D-9EC6-54664FE326CD}"
EndProject
Project("{F2A71F9B-5D33-465A-A702-920D77279786}") = "Pocindle.Saturn", "Pocindle.Saturn\Pocindle.Saturn.fsproj", "{FE471C6A-3889-4E69-8BD2-DEA68A502FB8}"
EndProject
Project("{F2A71F9B-5D33-465A-A702-920D77279786}") = "Pocindle.TsGen", "Pocindle.TsGen\Pocindle.TsGen.fsproj", "{F0201356-85DE-485F-B35F-5DABF7BF0534}"
EndProject
Project("{F2A71F9B-5D33-465A-A702-920D77279786}") = "Saturn", "Saturn\src\Saturn\Saturn.fsproj", "{47F25713-A604-4B4D-984B-562A72D8C43B}"
EndProject
Global
	GlobalSection(SolutionConfigurationPlatforms) = preSolution
		Debug|Any CPU = Debug|Any CPU
		Release|Any CPU = Release|Any CPU
	EndGlobalSection
	GlobalSection(ProjectConfigurationPlatforms) = postSolution
		{C9868CB0-D58E-42DD-AAB5-6E4BC42E0CEB}.Debug|Any CPU.ActiveCfg = Debug|Any CPU
		{C9868CB0-D58E-42DD-AAB5-6E4BC42E0CEB}.Debug|Any CPU.Build.0 = Debug|Any CPU
		{C9868CB0-D58E-42DD-AAB5-6E4BC42E0CEB}.Release|Any CPU.ActiveCfg = Release|Any CPU
		{C9868CB0-D58E-42DD-AAB5-6E4BC42E0CEB}.Release|Any CPU.Build.0 = Release|Any CPU
		{5FDFAF8E-9790-4D1F-8D51-CCB0C9037946}.Debug|Any CPU.ActiveCfg = Debug|Any CPU
		{5FDFAF8E-9790-4D1F-8D51-CCB0C9037946}.Debug|Any CPU.Build.0 = Debug|Any CPU
		{5FDFAF8E-9790-4D1F-8D51-CCB0C9037946}.Release|Any CPU.ActiveCfg = Release|Any CPU
		{5FDFAF8E-9790-4D1F-8D51-CCB0C9037946}.Release|Any CPU.Build.0 = Release|Any CPU
		{7080C66E-CA9A-437B-9F15-474EF5B30E56}.Debug|Any CPU.ActiveCfg = Debug|Any CPU
		{7080C66E-CA9A-437B-9F15-474EF5B30E56}.Debug|Any CPU.Build.0 = Debug|Any CPU
		{7080C66E-CA9A-437B-9F15-474EF5B30E56}.Release|Any CPU.ActiveCfg = Release|Any CPU
		{7080C66E-CA9A-437B-9F15-474EF5B30E56}.Release|Any CPU.Build.0 = Release|Any CPU
		{30F1A8F8-CBB2-42FD-B69B-EB449A01320A}.Debug|Any CPU.ActiveCfg = Debug|Any CPU
		{30F1A8F8-CBB2-42FD-B69B-EB449A01320A}.Debug|Any CPU.Build.0 = Debug|Any CPU
		{30F1A8F8-CBB2-42FD-B69B-EB449A01320A}.Release|Any CPU.ActiveCfg = Release|Any CPU
		{30F1A8F8-CBB2-42FD-B69B-EB449A01320A}.Release|Any CPU.Build.0 = Release|Any CPU
		{C01D67E7-BFE5-404D-9EC6-54664FE326CD}.Debug|Any CPU.ActiveCfg = Debug|Any CPU
		{C01D67E7-BFE5-404D-9EC6-54664FE326CD}.Debug|Any CPU.Build.0 = Debug|Any CPU
		{C01D67E7-BFE5-404D-9EC6-54664FE326CD}.Release|Any CPU.ActiveCfg = Release|Any CPU
		{C01D67E7-BFE5-404D-9EC6-54664FE326CD}.Release|Any CPU.Build.0 = Release|Any CPU
		{FE471C6A-3889-4E69-8BD2-DEA68A502FB8}.Debug|Any CPU.ActiveCfg = Debug|Any CPU
		{FE471C6A-3889-4E69-8BD2-DEA68A502FB8}.Debug|Any CPU.Build.0 = Debug|Any CPU
		{FE471C6A-3889-4E69-8BD2-DEA68A502FB8}.Release|Any CPU.ActiveCfg = Release|Any CPU
		{FE471C6A-3889-4E69-8BD2-DEA68A502FB8}.Release|Any CPU.Build.0 = Release|Any CPU
		{F0201356-85DE-485F-B35F-5DABF7BF0534}.Debug|Any CPU.ActiveCfg = Debug|Any CPU
		{F0201356-85DE-485F-B35F-5DABF7BF0534}.Debug|Any CPU.Build.0 = Debug|Any CPU
		{F0201356-85DE-485F-B35F-5DABF7BF0534}.Release|Any CPU.ActiveCfg = Release|Any CPU
		{F0201356-85DE-485F-B35F-5DABF7BF0534}.Release|Any CPU.Build.0 = Release|Any CPU
		{47F25713-A604-4B4D-984B-562A72D8C43B}.Debug|Any CPU.ActiveCfg = Debug|Any CPU
		{47F25713-A604-4B4D-984B-562A72D8C43B}.Debug|Any CPU.Build.0 = Debug|Any CPU
		{47F25713-A604-4B4D-984B-562A72D8C43B}.Release|Any CPU.ActiveCfg = Release|Any CPU
		{47F25713-A604-4B4D-984B-562A72D8C43B}.Release|Any CPU.Build.0 = Release|Any CPU
	EndGlobalSection
EndGlobal
