
Microsoft Visual Studio Solution File, Format Version 12.00
# Visual Studio 15
VisualStudioVersion = 15.0.26730.10
MinimumVisualStudioVersion = 10.0.40219.1

Project("{6EC3EE1D-3C4E-46DD-8F32-0CC8E7565705}") = "Pocindle", "Pocindle\Pocindle.fsproj", "{5F1B4EA7-7FFC-4B72-8778-E62D913193AE}"
EndProject

Project("{F2A71F9B-5D33-465A-A702-920D77279786}") = "Pocindle.Android", "Pocindle.Android\Pocindle.Android.fsproj", "{C598F96F-2F08-446D-BA89-EDCE52B503D7}"
EndProject






Global
	GlobalSection(SolutionConfigurationPlatforms) = preSolution
		Ad-Hoc|Any CPU = Ad-Hoc|Any CPU
		Ad-Hoc|ARM = Ad-Hoc|ARM
		Ad-Hoc|iPhone = Ad-Hoc|iPhone
		Ad-Hoc|iPhoneSimulator = Ad-Hoc|iPhoneSimulator
		Ad-Hoc|x64 = Ad-Hoc|x64
		Ad-Hoc|x86 = Ad-Hoc|x86
		AppStore|Any CPU = AppStore|Any CPU
		AppStore|ARM = AppStore|ARM
		AppStore|iPhone = AppStore|iPhone
		AppStore|iPhoneSimulator = AppStore|iPhoneSimulator
		AppStore|x64 = AppStore|x64
		AppStore|x86 = AppStore|x86
		Debug|Any CPU = Debug|Any CPU
		Debug|ARM = Debug|ARM
		Debug|iPhone = Debug|iPhone
		Debug|iPhoneSimulator = Debug|iPhoneSimulator
		Debug|x64 = Debug|x64
		Debug|x86 = Debug|x86
		Release|Any CPU = Release|Any CPU
		Release|ARM = Release|ARM
		Release|iPhone = Release|iPhone
		Release|iPhoneSimulator = Release|iPhoneSimulator
		Release|x64 = Release|x64
		Release|x86 = Release|x86
	EndGlobalSection
	GlobalSection(ProjectConfigurationPlatforms) = postSolution
		{5F1B4EA7-7FFC-4B72-8778-E62D913193AE}.Ad-Hoc|Any CPU.ActiveCfg = Debug|Any CPU
		{5F1B4EA7-7FFC-4B72-8778-E62D913193AE}.Ad-Hoc|Any CPU.Build.0 = Debug|Any CPU
		{5F1B4EA7-7FFC-4B72-8778-E62D913193AE}.Ad-Hoc|ARM.ActiveCfg = Debug|Any CPU
		{5F1B4EA7-7FFC-4B72-8778-E62D913193AE}.Ad-Hoc|ARM.Build.0 = Debug|Any CPU
		{5F1B4EA7-7FFC-4B72-8778-E62D913193AE}.Ad-Hoc|iPhone.ActiveCfg = Debug|Any CPU
		{5F1B4EA7-7FFC-4B72-8778-E62D913193AE}.Ad-Hoc|iPhone.Build.0 = Debug|Any CPU
		{5F1B4EA7-7FFC-4B72-8778-E62D913193AE}.Ad-Hoc|iPhoneSimulator.ActiveCfg = Debug|Any CPU
		{5F1B4EA7-7FFC-4B72-8778-E62D913193AE}.Ad-Hoc|iPhoneSimulator.Build.0 = Debug|Any CPU
		{5F1B4EA7-7FFC-4B72-8778-E62D913193AE}.Ad-Hoc|x64.ActiveCfg = Debug|Any CPU
		{5F1B4EA7-7FFC-4B72-8778-E62D913193AE}.Ad-Hoc|x64.Build.0 = Debug|Any CPU
		{5F1B4EA7-7FFC-4B72-8778-E62D913193AE}.Ad-Hoc|x86.ActiveCfg = Debug|Any CPU
		{5F1B4EA7-7FFC-4B72-8778-E62D913193AE}.Ad-Hoc|x86.Build.0 = Debug|Any CPU
		{5F1B4EA7-7FFC-4B72-8778-E62D913193AE}.AppStore|Any CPU.ActiveCfg = Debug|Any CPU
		{5F1B4EA7-7FFC-4B72-8778-E62D913193AE}.AppStore|Any CPU.Build.0 = Debug|Any CPU
		{5F1B4EA7-7FFC-4B72-8778-E62D913193AE}.AppStore|ARM.ActiveCfg = Debug|Any CPU
		{5F1B4EA7-7FFC-4B72-8778-E62D913193AE}.AppStore|ARM.Build.0 = Debug|Any CPU
		{5F1B4EA7-7FFC-4B72-8778-E62D913193AE}.AppStore|iPhone.ActiveCfg = Debug|Any CPU
		{5F1B4EA7-7FFC-4B72-8778-E62D913193AE}.AppStore|iPhone.Build.0 = Debug|Any CPU
		{5F1B4EA7-7FFC-4B72-8778-E62D913193AE}.AppStore|iPhoneSimulator.ActiveCfg = Debug|Any CPU
		{5F1B4EA7-7FFC-4B72-8778-E62D913193AE}.AppStore|iPhoneSimulator.Build.0 = Debug|Any CPU
		{5F1B4EA7-7FFC-4B72-8778-E62D913193AE}.AppStore|x64.ActiveCfg = Debug|Any CPU
		{5F1B4EA7-7FFC-4B72-8778-E62D913193AE}.AppStore|x64.Build.0 = Debug|Any CPU
		{5F1B4EA7-7FFC-4B72-8778-E62D913193AE}.AppStore|x86.ActiveCfg = Debug|Any CPU
		{5F1B4EA7-7FFC-4B72-8778-E62D913193AE}.AppStore|x86.Build.0 = Debug|Any CPU
		{5F1B4EA7-7FFC-4B72-8778-E62D913193AE}.Debug|Any CPU.ActiveCfg = Debug|Any CPU
		{5F1B4EA7-7FFC-4B72-8778-E62D913193AE}.Debug|Any CPU.Build.0 = Debug|Any CPU
		{5F1B4EA7-7FFC-4B72-8778-E62D913193AE}.Debug|ARM.ActiveCfg = Debug|Any CPU
		{5F1B4EA7-7FFC-4B72-8778-E62D913193AE}.Debug|ARM.Build.0 = Debug|Any CPU
		{5F1B4EA7-7FFC-4B72-8778-E62D913193AE}.Debug|iPhone.ActiveCfg = Debug|Any CPU
		{5F1B4EA7-7FFC-4B72-8778-E62D913193AE}.Debug|iPhone.Build.0 = Debug|Any CPU
		{5F1B4EA7-7FFC-4B72-8778-E62D913193AE}.Debug|iPhoneSimulator.ActiveCfg = Debug|Any CPU
		{5F1B4EA7-7FFC-4B72-8778-E62D913193AE}.Debug|iPhoneSimulator.Build.0 = Debug|Any CPU
		{5F1B4EA7-7FFC-4B72-8778-E62D913193AE}.Debug|x64.ActiveCfg = Debug|Any CPU
		{5F1B4EA7-7FFC-4B72-8778-E62D913193AE}.Debug|x64.Build.0 = Debug|Any CPU
		{5F1B4EA7-7FFC-4B72-8778-E62D913193AE}.Debug|x86.ActiveCfg = Debug|Any CPU
		{5F1B4EA7-7FFC-4B72-8778-E62D913193AE}.Debug|x86.Build.0 = Debug|Any CPU
		{5F1B4EA7-7FFC-4B72-8778-E62D913193AE}.Release|Any CPU.ActiveCfg = Release|Any CPU
		{5F1B4EA7-7FFC-4B72-8778-E62D913193AE}.Release|Any CPU.Build.0 = Release|Any CPU
		{5F1B4EA7-7FFC-4B72-8778-E62D913193AE}.Release|ARM.ActiveCfg = Release|Any CPU
		{5F1B4EA7-7FFC-4B72-8778-E62D913193AE}.Release|ARM.Build.0 = Release|Any CPU
		{5F1B4EA7-7FFC-4B72-8778-E62D913193AE}.Release|iPhone.ActiveCfg = Release|Any CPU
		{5F1B4EA7-7FFC-4B72-8778-E62D913193AE}.Release|iPhone.Build.0 = Release|Any CPU
		{5F1B4EA7-7FFC-4B72-8778-E62D913193AE}.Release|iPhoneSimulator.ActiveCfg = Release|Any CPU
		{5F1B4EA7-7FFC-4B72-8778-E62D913193AE}.Release|iPhoneSimulator.Build.0 = Release|Any CPU
		{5F1B4EA7-7FFC-4B72-8778-E62D913193AE}.Release|x64.ActiveCfg = Release|Any CPU
		{5F1B4EA7-7FFC-4B72-8778-E62D913193AE}.Release|x64.Build.0 = Release|Any CPU
		{5F1B4EA7-7FFC-4B72-8778-E62D913193AE}.Release|x86.ActiveCfg = Release|Any CPU
		{5F1B4EA7-7FFC-4B72-8778-E62D913193AE}.Release|x86.Build.0 = Release|Any CPU
		{6C2A1000-22D7-4114-9EB6-276E538A4934}.Ad-Hoc|Any CPU.ActiveCfg = Ad-Hoc|iPhone
		{6C2A1000-22D7-4114-9EB6-276E538A4934}.Ad-Hoc|ARM.ActiveCfg = Ad-Hoc|iPhone
		{6C2A1000-22D7-4114-9EB6-276E538A4934}.Ad-Hoc|iPhone.ActiveCfg = Ad-Hoc|iPhone
		{6C2A1000-22D7-4114-9EB6-276E538A4934}.Ad-Hoc|iPhone.Build.0 = Ad-Hoc|iPhone
		{6C2A1000-22D7-4114-9EB6-276E538A4934}.Ad-Hoc|iPhoneSimulator.ActiveCfg = Ad-Hoc|iPhoneSimulator
		{6C2A1000-22D7-4114-9EB6-276E538A4934}.Ad-Hoc|iPhoneSimulator.Build.0 = Ad-Hoc|iPhoneSimulator
		{6C2A1000-22D7-4114-9EB6-276E538A4934}.Ad-Hoc|x64.ActiveCfg = Ad-Hoc|iPhone
		{6C2A1000-22D7-4114-9EB6-276E538A4934}.Ad-Hoc|x86.ActiveCfg = Ad-Hoc|iPhone
		{6C2A1000-22D7-4114-9EB6-276E538A4934}.AppStore|Any CPU.ActiveCfg = AppStore|iPhone
		{6C2A1000-22D7-4114-9EB6-276E538A4934}.AppStore|ARM.ActiveCfg = AppStore|iPhone
		{6C2A1000-22D7-4114-9EB6-276E538A4934}.AppStore|iPhone.ActiveCfg = AppStore|iPhone
		{6C2A1000-22D7-4114-9EB6-276E538A4934}.AppStore|iPhone.Build.0 = AppStore|iPhone
		{6C2A1000-22D7-4114-9EB6-276E538A4934}.AppStore|iPhoneSimulator.ActiveCfg = AppStore|iPhoneSimulator
		{6C2A1000-22D7-4114-9EB6-276E538A4934}.AppStore|iPhoneSimulator.Build.0 = AppStore|iPhoneSimulator
		{6C2A1000-22D7-4114-9EB6-276E538A4934}.AppStore|x64.ActiveCfg = AppStore|iPhone
		{6C2A1000-22D7-4114-9EB6-276E538A4934}.AppStore|x86.ActiveCfg = AppStore|iPhone
		{6C2A1000-22D7-4114-9EB6-276E538A4934}.Debug|Any CPU.ActiveCfg = Debug|iPhone
		{6C2A1000-22D7-4114-9EB6-276E538A4934}.Debug|ARM.ActiveCfg = Debug|iPhone
		{6C2A1000-22D7-4114-9EB6-276E538A4934}.Debug|iPhone.ActiveCfg = Debug|iPhone
		{6C2A1000-22D7-4114-9EB6-276E538A4934}.Debug|iPhone.Build.0 = Debug|iPhone
		{6C2A1000-22D7-4114-9EB6-276E538A4934}.Debug|iPhoneSimulator.ActiveCfg = Debug|iPhoneSimulator
		{6C2A1000-22D7-4114-9EB6-276E538A4934}.Debug|iPhoneSimulator.Build.0 = Debug|iPhoneSimulator
		{6C2A1000-22D7-4114-9EB6-276E538A4934}.Debug|x64.ActiveCfg = Debug|iPhone
		{6C2A1000-22D7-4114-9EB6-276E538A4934}.Debug|x86.ActiveCfg = Debug|iPhone
		{6C2A1000-22D7-4114-9EB6-276E538A4934}.Release|Any CPU.ActiveCfg = Release|iPhone
		{6C2A1000-22D7-4114-9EB6-276E538A4934}.Release|ARM.ActiveCfg = Release|iPhone
		{6C2A1000-22D7-4114-9EB6-276E538A4934}.Release|iPhone.ActiveCfg = Release|iPhone
		{6C2A1000-22D7-4114-9EB6-276E538A4934}.Release|iPhone.Build.0 = Release|iPhone
		{6C2A1000-22D7-4114-9EB6-276E538A4934}.Release|iPhoneSimulator.ActiveCfg = Release|iPhoneSimulator
		{6C2A1000-22D7-4114-9EB6-276E538A4934}.Release|iPhoneSimulator.Build.0 = Release|iPhoneSimulator
		{6C2A1000-22D7-4114-9EB6-276E538A4934}.Release|x64.ActiveCfg = Release|iPhone
		{6C2A1000-22D7-4114-9EB6-276E538A4934}.Release|x86.ActiveCfg = Release|iPhone
		{919C21F4-CF5A-4E51-B2E1-C7898E85841E}.Ad-Hoc|Any CPU.ActiveCfg = Release|x86
		{919C21F4-CF5A-4E51-B2E1-C7898E85841E}.Ad-Hoc|Any CPU.Build.0 = Release|x86
		{919C21F4-CF5A-4E51-B2E1-C7898E85841E}.Ad-Hoc|Any CPU.Deploy.0 = Release|x86
		{919C21F4-CF5A-4E51-B2E1-C7898E85841E}.Ad-Hoc|ARM.ActiveCfg = Release|ARM
		{919C21F4-CF5A-4E51-B2E1-C7898E85841E}.Ad-Hoc|ARM.Build.0 = Release|ARM
		{919C21F4-CF5A-4E51-B2E1-C7898E85841E}.Ad-Hoc|ARM.Deploy.0 = Release|ARM
		{919C21F4-CF5A-4E51-B2E1-C7898E85841E}.Ad-Hoc|iPhone.ActiveCfg = Release|x86
		{919C21F4-CF5A-4E51-B2E1-C7898E85841E}.Ad-Hoc|iPhone.Build.0 = Release|x86
		{919C21F4-CF5A-4E51-B2E1-C7898E85841E}.Ad-Hoc|iPhone.Deploy.0 = Release|x86
		{919C21F4-CF5A-4E51-B2E1-C7898E85841E}.Ad-Hoc|iPhoneSimulator.ActiveCfg = Release|x86
		{919C21F4-CF5A-4E51-B2E1-C7898E85841E}.Ad-Hoc|iPhoneSimulator.Build.0 = Release|x86
		{919C21F4-CF5A-4E51-B2E1-C7898E85841E}.Ad-Hoc|iPhoneSimulator.Deploy.0 = Release|x86
		{919C21F4-CF5A-4E51-B2E1-C7898E85841E}.Ad-Hoc|x64.ActiveCfg = Release|x64
		{919C21F4-CF5A-4E51-B2E1-C7898E85841E}.Ad-Hoc|x64.Build.0 = Release|x64
		{919C21F4-CF5A-4E51-B2E1-C7898E85841E}.Ad-Hoc|x64.Deploy.0 = Release|x64
		{919C21F4-CF5A-4E51-B2E1-C7898E85841E}.Ad-Hoc|x86.ActiveCfg = Release|x86
		{919C21F4-CF5A-4E51-B2E1-C7898E85841E}.Ad-Hoc|x86.Build.0 = Release|x86
		{919C21F4-CF5A-4E51-B2E1-C7898E85841E}.Ad-Hoc|x86.Deploy.0 = Release|x86
		{919C21F4-CF5A-4E51-B2E1-C7898E85841E}.AppStore|Any CPU.ActiveCfg = Release|x86
		{919C21F4-CF5A-4E51-B2E1-C7898E85841E}.AppStore|Any CPU.Build.0 = Release|x86
		{919C21F4-CF5A-4E51-B2E1-C7898E85841E}.AppStore|Any CPU.Deploy.0 = Release|x86
		{919C21F4-CF5A-4E51-B2E1-C7898E85841E}.AppStore|ARM.ActiveCfg = Release|ARM
		{919C21F4-CF5A-4E51-B2E1-C7898E85841E}.AppStore|ARM.Build.0 = Release|ARM
		{919C21F4-CF5A-4E51-B2E1-C7898E85841E}.AppStore|ARM.Deploy.0 = Release|ARM
		{919C21F4-CF5A-4E51-B2E1-C7898E85841E}.AppStore|iPhone.ActiveCfg = Release|x86
		{919C21F4-CF5A-4E51-B2E1-C7898E85841E}.AppStore|iPhone.Build.0 = Release|x86
		{919C21F4-CF5A-4E51-B2E1-C7898E85841E}.AppStore|iPhone.Deploy.0 = Release|x86
		{919C21F4-CF5A-4E51-B2E1-C7898E85841E}.AppStore|iPhoneSimulator.ActiveCfg = Release|x86
		{919C21F4-CF5A-4E51-B2E1-C7898E85841E}.AppStore|iPhoneSimulator.Build.0 = Release|x86
		{919C21F4-CF5A-4E51-B2E1-C7898E85841E}.AppStore|iPhoneSimulator.Deploy.0 = Release|x86
		{919C21F4-CF5A-4E51-B2E1-C7898E85841E}.AppStore|x64.ActiveCfg = Release|x64
		{919C21F4-CF5A-4E51-B2E1-C7898E85841E}.AppStore|x64.Build.0 = Release|x64
		{919C21F4-CF5A-4E51-B2E1-C7898E85841E}.AppStore|x64.Deploy.0 = Release|x64
		{919C21F4-CF5A-4E51-B2E1-C7898E85841E}.AppStore|x86.ActiveCfg = Release|x86
		{919C21F4-CF5A-4E51-B2E1-C7898E85841E}.AppStore|x86.Build.0 = Release|x86
		{919C21F4-CF5A-4E51-B2E1-C7898E85841E}.AppStore|x86.Deploy.0 = Release|x86
		{919C21F4-CF5A-4E51-B2E1-C7898E85841E}.Debug|Any CPU.ActiveCfg = Debug|x86
		{919C21F4-CF5A-4E51-B2E1-C7898E85841E}.Debug|ARM.ActiveCfg = Debug|ARM
		{919C21F4-CF5A-4E51-B2E1-C7898E85841E}.Debug|ARM.Build.0 = Debug|ARM
		{919C21F4-CF5A-4E51-B2E1-C7898E85841E}.Debug|ARM.Deploy.0 = Debug|ARM
		{919C21F4-CF5A-4E51-B2E1-C7898E85841E}.Debug|iPhone.ActiveCfg = Debug|x86
		{919C21F4-CF5A-4E51-B2E1-C7898E85841E}.Debug|iPhoneSimulator.ActiveCfg = Debug|x86
		{919C21F4-CF5A-4E51-B2E1-C7898E85841E}.Debug|x64.ActiveCfg = Debug|x64
		{919C21F4-CF5A-4E51-B2E1-C7898E85841E}.Debug|x64.Build.0 = Debug|x64
		{919C21F4-CF5A-4E51-B2E1-C7898E85841E}.Debug|x64.Deploy.0 = Debug|x64
		{919C21F4-CF5A-4E51-B2E1-C7898E85841E}.Debug|x86.ActiveCfg = Debug|x86
		{919C21F4-CF5A-4E51-B2E1-C7898E85841E}.Debug|x86.Build.0 = Debug|x86
		{919C21F4-CF5A-4E51-B2E1-C7898E85841E}.Debug|x86.Deploy.0 = Debug|x86
		{919C21F4-CF5A-4E51-B2E1-C7898E85841E}.Release|Any CPU.ActiveCfg = Release|x86
		{919C21F4-CF5A-4E51-B2E1-C7898E85841E}.Release|ARM.ActiveCfg = Release|ARM
		{919C21F4-CF5A-4E51-B2E1-C7898E85841E}.Release|ARM.Build.0 = Release|ARM
		{919C21F4-CF5A-4E51-B2E1-C7898E85841E}.Release|ARM.Deploy.0 = Release|ARM
		{919C21F4-CF5A-4E51-B2E1-C7898E85841E}.Release|iPhone.ActiveCfg = Release|x86
		{919C21F4-CF5A-4E51-B2E1-C7898E85841E}.Release|iPhoneSimulator.ActiveCfg = Release|x86
		{919C21F4-CF5A-4E51-B2E1-C7898E85841E}.Release|x64.ActiveCfg = Release|x64
		{919C21F4-CF5A-4E51-B2E1-C7898E85841E}.Release|x64.Build.0 = Release|x64
		{919C21F4-CF5A-4E51-B2E1-C7898E85841E}.Release|x64.Deploy.0 = Release|x64
		{919C21F4-CF5A-4E51-B2E1-C7898E85841E}.Release|x86.ActiveCfg = Release|x86
		{919C21F4-CF5A-4E51-B2E1-C7898E85841E}.Release|x86.Build.0 = Release|x86
		{919C21F4-CF5A-4E51-B2E1-C7898E85841E}.Release|x86.Deploy.0 = Release|x86
		{7D026689-FAA1-45A1-A906-C5D8EDD50E9C}.Ad-Hoc|Any CPU.ActiveCfg = Release|Any CPU
		{7D026689-FAA1-45A1-A906-C5D8EDD50E9C}.Ad-Hoc|Any CPU.Build.0 = Release|Any CPU
		{7D026689-FAA1-45A1-A906-C5D8EDD50E9C}.Ad-Hoc|ARM.ActiveCfg = Release|Any CPU
		{7D026689-FAA1-45A1-A906-C5D8EDD50E9C}.Ad-Hoc|ARM.Build.0 = Release|Any CPU
		{7D026689-FAA1-45A1-A906-C5D8EDD50E9C}.Ad-Hoc|iPhone.ActiveCfg = Release|Any CPU
		{7D026689-FAA1-45A1-A906-C5D8EDD50E9C}.Ad-Hoc|iPhone.Build.0 = Release|Any CPU
		{7D026689-FAA1-45A1-A906-C5D8EDD50E9C}.Ad-Hoc|iPhoneSimulator.ActiveCfg = Release|Any CPU
		{7D026689-FAA1-45A1-A906-C5D8EDD50E9C}.Ad-Hoc|iPhoneSimulator.Build.0 = Release|Any CPU
		{7D026689-FAA1-45A1-A906-C5D8EDD50E9C}.Ad-Hoc|x64.ActiveCfg = Release|Any CPU
		{7D026689-FAA1-45A1-A906-C5D8EDD50E9C}.Ad-Hoc|x64.Build.0 = Release|Any CPU
		{7D026689-FAA1-45A1-A906-C5D8EDD50E9C}.Ad-Hoc|x86.ActiveCfg = Release|Any CPU
		{7D026689-FAA1-45A1-A906-C5D8EDD50E9C}.Ad-Hoc|x86.Build.0 = Release|Any CPU
		{7D026689-FAA1-45A1-A906-C5D8EDD50E9C}.AppStore|Any CPU.ActiveCfg = Release|Any CPU
		{7D026689-FAA1-45A1-A906-C5D8EDD50E9C}.AppStore|Any CPU.Build.0 = Release|Any CPU
		{7D026689-FAA1-45A1-A906-C5D8EDD50E9C}.AppStore|ARM.ActiveCfg = Release|Any CPU
		{7D026689-FAA1-45A1-A906-C5D8EDD50E9C}.AppStore|ARM.Build.0 = Release|Any CPU
		{7D026689-FAA1-45A1-A906-C5D8EDD50E9C}.AppStore|iPhone.ActiveCfg = Release|Any CPU
		{7D026689-FAA1-45A1-A906-C5D8EDD50E9C}.AppStore|iPhone.Build.0 = Release|Any CPU
		{7D026689-FAA1-45A1-A906-C5D8EDD50E9C}.AppStore|iPhoneSimulator.ActiveCfg = Release|Any CPU
		{7D026689-FAA1-45A1-A906-C5D8EDD50E9C}.AppStore|iPhoneSimulator.Build.0 = Release|Any CPU
		{7D026689-FAA1-45A1-A906-C5D8EDD50E9C}.AppStore|x64.ActiveCfg = Release|Any CPU
		{7D026689-FAA1-45A1-A906-C5D8EDD50E9C}.AppStore|x64.Build.0 = Release|Any CPU
		{7D026689-FAA1-45A1-A906-C5D8EDD50E9C}.AppStore|x86.ActiveCfg = Release|Any CPU
		{7D026689-FAA1-45A1-A906-C5D8EDD50E9C}.AppStore|x86.Build.0 = Release|Any CPU
		{7D026689-FAA1-45A1-A906-C5D8EDD50E9C}.Debug|Any CPU.ActiveCfg = Debug|Any CPU
		{7D026689-FAA1-45A1-A906-C5D8EDD50E9C}.Debug|Any CPU.Build.0 = Debug|Any CPU
		{7D026689-FAA1-45A1-A906-C5D8EDD50E9C}.Debug|ARM.ActiveCfg = Debug|Any CPU
		{7D026689-FAA1-45A1-A906-C5D8EDD50E9C}.Debug|ARM.Build.0 = Debug|Any CPU
		{7D026689-FAA1-45A1-A906-C5D8EDD50E9C}.Debug|iPhone.ActiveCfg = Debug|Any CPU
		{7D026689-FAA1-45A1-A906-C5D8EDD50E9C}.Debug|iPhone.Build.0 = Debug|Any CPU
		{7D026689-FAA1-45A1-A906-C5D8EDD50E9C}.Debug|iPhoneSimulator.ActiveCfg = Debug|Any CPU
		{7D026689-FAA1-45A1-A906-C5D8EDD50E9C}.Debug|iPhoneSimulator.Build.0 = Debug|Any CPU
		{7D026689-FAA1-45A1-A906-C5D8EDD50E9C}.Debug|x64.ActiveCfg = Debug|Any CPU
		{7D026689-FAA1-45A1-A906-C5D8EDD50E9C}.Debug|x64.Build.0 = Debug|Any CPU
		{7D026689-FAA1-45A1-A906-C5D8EDD50E9C}.Debug|x86.ActiveCfg = Debug|Any CPU
		{7D026689-FAA1-45A1-A906-C5D8EDD50E9C}.Debug|x86.Build.0 = Debug|Any CPU
		{7D026689-FAA1-45A1-A906-C5D8EDD50E9C}.Release|Any CPU.ActiveCfg = Release|Any CPU
		{7D026689-FAA1-45A1-A906-C5D8EDD50E9C}.Release|Any CPU.Build.0 = Release|Any CPU
		{7D026689-FAA1-45A1-A906-C5D8EDD50E9C}.Release|ARM.ActiveCfg = Release|Any CPU
		{7D026689-FAA1-45A1-A906-C5D8EDD50E9C}.Release|ARM.Build.0 = Release|Any CPU
		{7D026689-FAA1-45A1-A906-C5D8EDD50E9C}.Release|iPhone.ActiveCfg = Release|Any CPU
		{7D026689-FAA1-45A1-A906-C5D8EDD50E9C}.Release|iPhone.Build.0 = Release|Any CPU
		{7D026689-FAA1-45A1-A906-C5D8EDD50E9C}.Release|iPhoneSimulator.ActiveCfg = Release|Any CPU
		{7D026689-FAA1-45A1-A906-C5D8EDD50E9C}.Release|iPhoneSimulator.Build.0 = Release|Any CPU
		{7D026689-FAA1-45A1-A906-C5D8EDD50E9C}.Release|x64.ActiveCfg = Release|Any CPU
		{7D026689-FAA1-45A1-A906-C5D8EDD50E9C}.Release|x64.Build.0 = Release|Any CPU
		{7D026689-FAA1-45A1-A906-C5D8EDD50E9C}.Release|x86.ActiveCfg = Release|Any CPU
		{7D026689-FAA1-45A1-A906-C5D8EDD50E9C}.Release|x86.Build.0 = Release|Any CPU
		{66E8226F-0985-4EB5-B7C9-81D78A69ED23}.Ad-Hoc|Any CPU.ActiveCfg = Release|Any CPU
		{66E8226F-0985-4EB5-B7C9-81D78A69ED23}.Ad-Hoc|Any CPU.Build.0 = Release|Any CPU
		{66E8226F-0985-4EB5-B7C9-81D78A69ED23}.Ad-Hoc|ARM.ActiveCfg = Release|Any CPU
		{66E8226F-0985-4EB5-B7C9-81D78A69ED23}.Ad-Hoc|ARM.Build.0 = Release|Any CPU
		{66E8226F-0985-4EB5-B7C9-81D78A69ED23}.Ad-Hoc|iPhone.ActiveCfg = Release|Any CPU
		{66E8226F-0985-4EB5-B7C9-81D78A69ED23}.Ad-Hoc|iPhone.Build.0 = Release|Any CPU
		{66E8226F-0985-4EB5-B7C9-81D78A69ED23}.Ad-Hoc|iPhoneSimulator.ActiveCfg = Release|Any CPU
		{66E8226F-0985-4EB5-B7C9-81D78A69ED23}.Ad-Hoc|iPhoneSimulator.Build.0 = Release|Any CPU
		{66E8226F-0985-4EB5-B7C9-81D78A69ED23}.Ad-Hoc|x64.ActiveCfg = Release|Any CPU
		{66E8226F-0985-4EB5-B7C9-81D78A69ED23}.Ad-Hoc|x64.Build.0 = Release|Any CPU
		{66E8226F-0985-4EB5-B7C9-81D78A69ED23}.Ad-Hoc|x86.ActiveCfg = Release|Any CPU
		{66E8226F-0985-4EB5-B7C9-81D78A69ED23}.Ad-Hoc|x86.Build.0 = Release|Any CPU
		{66E8226F-0985-4EB5-B7C9-81D78A69ED23}.AppStore|Any CPU.ActiveCfg = Release|Any CPU
		{66E8226F-0985-4EB5-B7C9-81D78A69ED23}.AppStore|Any CPU.Build.0 = Release|Any CPU
		{66E8226F-0985-4EB5-B7C9-81D78A69ED23}.AppStore|ARM.ActiveCfg = Release|Any CPU
		{66E8226F-0985-4EB5-B7C9-81D78A69ED23}.AppStore|ARM.Build.0 = Release|Any CPU
		{66E8226F-0985-4EB5-B7C9-81D78A69ED23}.AppStore|iPhone.ActiveCfg = Release|Any CPU
		{66E8226F-0985-4EB5-B7C9-81D78A69ED23}.AppStore|iPhone.Build.0 = Release|Any CPU
		{66E8226F-0985-4EB5-B7C9-81D78A69ED23}.AppStore|iPhoneSimulator.ActiveCfg = Release|Any CPU
		{66E8226F-0985-4EB5-B7C9-81D78A69ED23}.AppStore|iPhoneSimulator.Build.0 = Release|Any CPU
		{66E8226F-0985-4EB5-B7C9-81D78A69ED23}.AppStore|x64.ActiveCfg = Release|Any CPU
		{66E8226F-0985-4EB5-B7C9-81D78A69ED23}.AppStore|x64.Build.0 = Release|Any CPU
		{66E8226F-0985-4EB5-B7C9-81D78A69ED23}.AppStore|x86.ActiveCfg = Release|Any CPU
		{66E8226F-0985-4EB5-B7C9-81D78A69ED23}.AppStore|x86.Build.0 = Release|Any CPU
		{66E8226F-0985-4EB5-B7C9-81D78A69ED23}.Debug|Any CPU.ActiveCfg = Debug|Any CPU
		{66E8226F-0985-4EB5-B7C9-81D78A69ED23}.Debug|Any CPU.Build.0 = Debug|Any CPU
		{66E8226F-0985-4EB5-B7C9-81D78A69ED23}.Debug|ARM.ActiveCfg = Debug|Any CPU
		{66E8226F-0985-4EB5-B7C9-81D78A69ED23}.Debug|ARM.Build.0 = Debug|Any CPU
		{66E8226F-0985-4EB5-B7C9-81D78A69ED23}.Debug|iPhone.ActiveCfg = Debug|Any CPU
		{66E8226F-0985-4EB5-B7C9-81D78A69ED23}.Debug|iPhone.Build.0 = Debug|Any CPU
		{66E8226F-0985-4EB5-B7C9-81D78A69ED23}.Debug|iPhoneSimulator.ActiveCfg = Debug|Any CPU
		{66E8226F-0985-4EB5-B7C9-81D78A69ED23}.Debug|iPhoneSimulator.Build.0 = Debug|Any CPU
		{66E8226F-0985-4EB5-B7C9-81D78A69ED23}.Debug|x64.ActiveCfg = Debug|Any CPU
		{66E8226F-0985-4EB5-B7C9-81D78A69ED23}.Debug|x64.Build.0 = Debug|Any CPU
		{66E8226F-0985-4EB5-B7C9-81D78A69ED23}.Debug|x86.ActiveCfg = Debug|Any CPU
		{66E8226F-0985-4EB5-B7C9-81D78A69ED23}.Debug|x86.Build.0 = Debug|Any CPU
		{66E8226F-0985-4EB5-B7C9-81D78A69ED23}.Release|Any CPU.ActiveCfg = Release|Any CPU
		{66E8226F-0985-4EB5-B7C9-81D78A69ED23}.Release|Any CPU.Build.0 = Release|Any CPU
		{66E8226F-0985-4EB5-B7C9-81D78A69ED23}.Release|ARM.ActiveCfg = Release|Any CPU
		{66E8226F-0985-4EB5-B7C9-81D78A69ED23}.Release|ARM.Build.0 = Release|Any CPU
		{66E8226F-0985-4EB5-B7C9-81D78A69ED23}.Release|iPhone.ActiveCfg = Release|Any CPU
		{66E8226F-0985-4EB5-B7C9-81D78A69ED23}.Release|iPhone.Build.0 = Release|Any CPU
		{66E8226F-0985-4EB5-B7C9-81D78A69ED23}.Release|iPhoneSimulator.ActiveCfg = Release|Any CPU
		{66E8226F-0985-4EB5-B7C9-81D78A69ED23}.Release|iPhoneSimulator.Build.0 = Release|Any CPU
		{66E8226F-0985-4EB5-B7C9-81D78A69ED23}.Release|x64.ActiveCfg = Release|Any CPU
		{66E8226F-0985-4EB5-B7C9-81D78A69ED23}.Release|x64.Build.0 = Release|Any CPU
		{66E8226F-0985-4EB5-B7C9-81D78A69ED23}.Release|x86.ActiveCfg = Release|Any CPU
		{66E8226F-0985-4EB5-B7C9-81D78A69ED23}.Release|x86.Build.0 = Release|Any CPU
		{C598F96F-2F08-446D-BA89-EDCE52B503D7}.Ad-Hoc|Any CPU.ActiveCfg = Release|Any CPU
		{C598F96F-2F08-446D-BA89-EDCE52B503D7}.Ad-Hoc|Any CPU.Build.0 = Release|Any CPU
		{C598F96F-2F08-446D-BA89-EDCE52B503D7}.Ad-Hoc|ARM.ActiveCfg = Release|Any CPU
		{C598F96F-2F08-446D-BA89-EDCE52B503D7}.Ad-Hoc|ARM.Build.0 = Release|Any CPU
		{C598F96F-2F08-446D-BA89-EDCE52B503D7}.Ad-Hoc|iPhone.ActiveCfg = Release|Any CPU
		{C598F96F-2F08-446D-BA89-EDCE52B503D7}.Ad-Hoc|iPhone.Build.0 = Release|Any CPU
		{C598F96F-2F08-446D-BA89-EDCE52B503D7}.Ad-Hoc|iPhoneSimulator.ActiveCfg = Release|Any CPU
		{C598F96F-2F08-446D-BA89-EDCE52B503D7}.Ad-Hoc|iPhoneSimulator.Build.0 = Release|Any CPU
		{C598F96F-2F08-446D-BA89-EDCE52B503D7}.Ad-Hoc|x64.ActiveCfg = Release|Any CPU
		{C598F96F-2F08-446D-BA89-EDCE52B503D7}.Ad-Hoc|x64.Build.0 = Release|Any CPU
		{C598F96F-2F08-446D-BA89-EDCE52B503D7}.Ad-Hoc|x86.ActiveCfg = Release|Any CPU
		{C598F96F-2F08-446D-BA89-EDCE52B503D7}.Ad-Hoc|x86.Build.0 = Release|Any CPU
		{C598F96F-2F08-446D-BA89-EDCE52B503D7}.AppStore|Any CPU.ActiveCfg = Release|Any CPU
		{C598F96F-2F08-446D-BA89-EDCE52B503D7}.AppStore|Any CPU.Build.0 = Release|Any CPU
		{C598F96F-2F08-446D-BA89-EDCE52B503D7}.AppStore|ARM.ActiveCfg = Release|Any CPU
		{C598F96F-2F08-446D-BA89-EDCE52B503D7}.AppStore|ARM.Build.0 = Release|Any CPU
		{C598F96F-2F08-446D-BA89-EDCE52B503D7}.AppStore|iPhone.ActiveCfg = Release|Any CPU
		{C598F96F-2F08-446D-BA89-EDCE52B503D7}.AppStore|iPhone.Build.0 = Release|Any CPU
		{C598F96F-2F08-446D-BA89-EDCE52B503D7}.AppStore|iPhoneSimulator.ActiveCfg = Release|Any CPU
		{C598F96F-2F08-446D-BA89-EDCE52B503D7}.AppStore|iPhoneSimulator.Build.0 = Release|Any CPU
		{C598F96F-2F08-446D-BA89-EDCE52B503D7}.AppStore|x64.ActiveCfg = Release|Any CPU
		{C598F96F-2F08-446D-BA89-EDCE52B503D7}.AppStore|x64.Build.0 = Release|Any CPU
		{C598F96F-2F08-446D-BA89-EDCE52B503D7}.AppStore|x86.ActiveCfg = Release|Any CPU
		{C598F96F-2F08-446D-BA89-EDCE52B503D7}.AppStore|x86.Build.0 = Release|Any CPU
		{C598F96F-2F08-446D-BA89-EDCE52B503D7}.Debug|Any CPU.ActiveCfg = Debug|Any CPU
		{C598F96F-2F08-446D-BA89-EDCE52B503D7}.Debug|Any CPU.Build.0 = Debug|Any CPU
		{C598F96F-2F08-446D-BA89-EDCE52B503D7}.Debug|Any CPU.Deploy.0 = Debug|Any CPU
		{C598F96F-2F08-446D-BA89-EDCE52B503D7}.Debug|ARM.ActiveCfg = Debug|Any CPU
		{C598F96F-2F08-446D-BA89-EDCE52B503D7}.Debug|ARM.Build.0 = Debug|Any CPU
		{C598F96F-2F08-446D-BA89-EDCE52B503D7}.Debug|iPhone.ActiveCfg = Debug|Any CPU
		{C598F96F-2F08-446D-BA89-EDCE52B503D7}.Debug|iPhone.Build.0 = Debug|Any CPU
		{C598F96F-2F08-446D-BA89-EDCE52B503D7}.Debug|iPhoneSimulator.ActiveCfg = Debug|Any CPU
		{C598F96F-2F08-446D-BA89-EDCE52B503D7}.Debug|iPhoneSimulator.Build.0 = Debug|Any CPU
		{C598F96F-2F08-446D-BA89-EDCE52B503D7}.Debug|x64.ActiveCfg = Debug|Any CPU
		{C598F96F-2F08-446D-BA89-EDCE52B503D7}.Debug|x64.Build.0 = Debug|Any CPU
		{C598F96F-2F08-446D-BA89-EDCE52B503D7}.Debug|x86.ActiveCfg = Debug|Any CPU
		{C598F96F-2F08-446D-BA89-EDCE52B503D7}.Debug|x86.Build.0 = Debug|Any CPU
		{C598F96F-2F08-446D-BA89-EDCE52B503D7}.Release|Any CPU.ActiveCfg = Release|Any CPU
		{C598F96F-2F08-446D-BA89-EDCE52B503D7}.Release|Any CPU.Build.0 = Release|Any CPU
		{C598F96F-2F08-446D-BA89-EDCE52B503D7}.Release|Any CPU.Deploy.0 = Release|Any CPU
		{C598F96F-2F08-446D-BA89-EDCE52B503D7}.Release|ARM.ActiveCfg = Release|Any CPU
		{C598F96F-2F08-446D-BA89-EDCE52B503D7}.Release|ARM.Build.0 = Release|Any CPU
		{C598F96F-2F08-446D-BA89-EDCE52B503D7}.Release|iPhone.ActiveCfg = Release|Any CPU
		{C598F96F-2F08-446D-BA89-EDCE52B503D7}.Release|iPhone.Build.0 = Release|Any CPU
		{C598F96F-2F08-446D-BA89-EDCE52B503D7}.Release|iPhoneSimulator.ActiveCfg = Release|Any CPU
		{C598F96F-2F08-446D-BA89-EDCE52B503D7}.Release|iPhoneSimulator.Build.0 = Release|Any CPU
		{C598F96F-2F08-446D-BA89-EDCE52B503D7}.Release|x64.ActiveCfg = Release|Any CPU
		{C598F96F-2F08-446D-BA89-EDCE52B503D7}.Release|x64.Build.0 = Release|Any CPU
		{C598F96F-2F08-446D-BA89-EDCE52B503D7}.Release|x86.ActiveCfg = Release|Any CPU
		{C598F96F-2F08-446D-BA89-EDCE52B503D7}.Release|x86.Build.0 = Release|Any CPU
		{26FA326C-8F61-4977-8F45-A7A7B12D31FA}.Ad-Hoc|Any CPU.ActiveCfg = Release|Any CPU
		{26FA326C-8F61-4977-8F45-A7A7B12D31FA}.Ad-Hoc|Any CPU.Build.0 = Release|Any CPU
		{26FA326C-8F61-4977-8F45-A7A7B12D31FA}.Ad-Hoc|ARM.ActiveCfg = Release|Any CPU
		{26FA326C-8F61-4977-8F45-A7A7B12D31FA}.Ad-Hoc|ARM.Build.0 = Release|Any CPU
		{26FA326C-8F61-4977-8F45-A7A7B12D31FA}.Ad-Hoc|iPhone.ActiveCfg = Release|Any CPU
		{26FA326C-8F61-4977-8F45-A7A7B12D31FA}.Ad-Hoc|iPhone.Build.0 = Release|Any CPU
		{26FA326C-8F61-4977-8F45-A7A7B12D31FA}.Ad-Hoc|iPhoneSimulator.ActiveCfg = Release|Any CPU
		{26FA326C-8F61-4977-8F45-A7A7B12D31FA}.Ad-Hoc|iPhoneSimulator.Build.0 = Release|Any CPU
		{26FA326C-8F61-4977-8F45-A7A7B12D31FA}.Ad-Hoc|x64.ActiveCfg = Release|Any CPU
		{26FA326C-8F61-4977-8F45-A7A7B12D31FA}.Ad-Hoc|x64.Build.0 = Release|Any CPU
		{26FA326C-8F61-4977-8F45-A7A7B12D31FA}.Ad-Hoc|x86.ActiveCfg = Release|Any CPU
		{26FA326C-8F61-4977-8F45-A7A7B12D31FA}.Ad-Hoc|x86.Build.0 = Release|Any CPU
		{26FA326C-8F61-4977-8F45-A7A7B12D31FA}.AppStore|Any CPU.ActiveCfg = Release|Any CPU
		{26FA326C-8F61-4977-8F45-A7A7B12D31FA}.AppStore|Any CPU.Build.0 = Release|Any CPU
		{26FA326C-8F61-4977-8F45-A7A7B12D31FA}.AppStore|ARM.ActiveCfg = Release|Any CPU
		{26FA326C-8F61-4977-8F45-A7A7B12D31FA}.AppStore|ARM.Build.0 = Release|Any CPU
		{26FA326C-8F61-4977-8F45-A7A7B12D31FA}.AppStore|iPhone.ActiveCfg = Release|Any CPU
		{26FA326C-8F61-4977-8F45-A7A7B12D31FA}.AppStore|iPhone.Build.0 = Release|Any CPU
		{26FA326C-8F61-4977-8F45-A7A7B12D31FA}.AppStore|iPhoneSimulator.ActiveCfg = Release|Any CPU
		{26FA326C-8F61-4977-8F45-A7A7B12D31FA}.AppStore|iPhoneSimulator.Build.0 = Release|Any CPU
		{26FA326C-8F61-4977-8F45-A7A7B12D31FA}.AppStore|x64.ActiveCfg = Release|Any CPU
		{26FA326C-8F61-4977-8F45-A7A7B12D31FA}.AppStore|x64.Build.0 = Release|Any CPU
		{26FA326C-8F61-4977-8F45-A7A7B12D31FA}.AppStore|x86.ActiveCfg = Release|Any CPU
		{26FA326C-8F61-4977-8F45-A7A7B12D31FA}.AppStore|x86.Build.0 = Release|Any CPU
		{26FA326C-8F61-4977-8F45-A7A7B12D31FA}.Debug|Any CPU.ActiveCfg = Debug|Any CPU
		{26FA326C-8F61-4977-8F45-A7A7B12D31FA}.Debug|Any CPU.Build.0 = Debug|Any CPU
		{26FA326C-8F61-4977-8F45-A7A7B12D31FA}.Debug|ARM.ActiveCfg = Debug|Any CPU
		{26FA326C-8F61-4977-8F45-A7A7B12D31FA}.Debug|ARM.Build.0 = Debug|Any CPU
		{26FA326C-8F61-4977-8F45-A7A7B12D31FA}.Debug|iPhone.ActiveCfg = Debug|Any CPU
		{26FA326C-8F61-4977-8F45-A7A7B12D31FA}.Debug|iPhone.Build.0 = Debug|Any CPU
		{26FA326C-8F61-4977-8F45-A7A7B12D31FA}.Debug|iPhoneSimulator.ActiveCfg = Debug|Any CPU
		{26FA326C-8F61-4977-8F45-A7A7B12D31FA}.Debug|iPhoneSimulator.Build.0 = Debug|Any CPU
		{26FA326C-8F61-4977-8F45-A7A7B12D31FA}.Debug|x64.ActiveCfg = Debug|Any CPU
		{26FA326C-8F61-4977-8F45-A7A7B12D31FA}.Debug|x64.Build.0 = Debug|Any CPU
		{26FA326C-8F61-4977-8F45-A7A7B12D31FA}.Debug|x86.ActiveCfg = Debug|Any CPU
		{26FA326C-8F61-4977-8F45-A7A7B12D31FA}.Debug|x86.Build.0 = Debug|Any CPU
		{26FA326C-8F61-4977-8F45-A7A7B12D31FA}.Release|Any CPU.ActiveCfg = Release|Any CPU
		{26FA326C-8F61-4977-8F45-A7A7B12D31FA}.Release|Any CPU.Build.0 = Release|Any CPU
		{26FA326C-8F61-4977-8F45-A7A7B12D31FA}.Release|ARM.ActiveCfg = Release|Any CPU
		{26FA326C-8F61-4977-8F45-A7A7B12D31FA}.Release|ARM.Build.0 = Release|Any CPU
		{26FA326C-8F61-4977-8F45-A7A7B12D31FA}.Release|iPhone.ActiveCfg = Release|Any CPU
		{26FA326C-8F61-4977-8F45-A7A7B12D31FA}.Release|iPhone.Build.0 = Release|Any CPU
		{26FA326C-8F61-4977-8F45-A7A7B12D31FA}.Release|iPhoneSimulator.ActiveCfg = Release|Any CPU
		{26FA326C-8F61-4977-8F45-A7A7B12D31FA}.Release|iPhoneSimulator.Build.0 = Release|Any CPU
		{26FA326C-8F61-4977-8F45-A7A7B12D31FA}.Release|x64.ActiveCfg = Release|Any CPU
		{26FA326C-8F61-4977-8F45-A7A7B12D31FA}.Release|x64.Build.0 = Release|Any CPU
		{26FA326C-8F61-4977-8F45-A7A7B12D31FA}.Release|x86.ActiveCfg = Release|Any CPU
		{26FA326C-8F61-4977-8F45-A7A7B12D31FA}.Release|x86.Build.0 = Release|Any CPU
		{43C050B5-03C2-4E66-81F6-059C0C5242A9}.Ad-Hoc|Any CPU.ActiveCfg = Release|x64
		{43C050B5-03C2-4E66-81F6-059C0C5242A9}.Ad-Hoc|Any CPU.Build.0 = Release|x64
		{43C050B5-03C2-4E66-81F6-059C0C5242A9}.Ad-Hoc|Any CPU.Deploy.0 = Release|x64
		{43C050B5-03C2-4E66-81F6-059C0C5242A9}.Ad-Hoc|ARM.ActiveCfg = Release|ARM
		{43C050B5-03C2-4E66-81F6-059C0C5242A9}.Ad-Hoc|ARM.Build.0 = Release|ARM
		{43C050B5-03C2-4E66-81F6-059C0C5242A9}.Ad-Hoc|ARM.Deploy.0 = Release|ARM
		{43C050B5-03C2-4E66-81F6-059C0C5242A9}.Ad-Hoc|ARM64.ActiveCfg = Release|ARM64
		{43C050B5-03C2-4E66-81F6-059C0C5242A9}.Ad-Hoc|ARM64.Build.0 = Release|ARM64
		{43C050B5-03C2-4E66-81F6-059C0C5242A9}.Ad-Hoc|ARM64.Deploy.0 = Release|ARM64
		{43C050B5-03C2-4E66-81F6-059C0C5242A9}.Ad-Hoc|iPhone.ActiveCfg = Release|x64
		{43C050B5-03C2-4E66-81F6-059C0C5242A9}.Ad-Hoc|iPhone.Build.0 = Release|x64
		{43C050B5-03C2-4E66-81F6-059C0C5242A9}.Ad-Hoc|iPhone.Deploy.0 = Release|x64
		{43C050B5-03C2-4E66-81F6-059C0C5242A9}.Ad-Hoc|iPhoneSimulator.ActiveCfg = Release|x64
		{43C050B5-03C2-4E66-81F6-059C0C5242A9}.Ad-Hoc|iPhoneSimulator.Build.0 = Release|x64
		{43C050B5-03C2-4E66-81F6-059C0C5242A9}.Ad-Hoc|iPhoneSimulator.Deploy.0 = Release|x64
		{43C050B5-03C2-4E66-81F6-059C0C5242A9}.Ad-Hoc|x64.ActiveCfg = Release|x64
		{43C050B5-03C2-4E66-81F6-059C0C5242A9}.Ad-Hoc|x64.Build.0 = Release|x64
		{43C050B5-03C2-4E66-81F6-059C0C5242A9}.Ad-Hoc|x64.Deploy.0 = Release|x64
		{43C050B5-03C2-4E66-81F6-059C0C5242A9}.Ad-Hoc|x86.ActiveCfg = Release|x86
		{43C050B5-03C2-4E66-81F6-059C0C5242A9}.Ad-Hoc|x86.Build.0 = Release|x86
		{43C050B5-03C2-4E66-81F6-059C0C5242A9}.Ad-Hoc|x86.Deploy.0 = Release|x86
		{43C050B5-03C2-4E66-81F6-059C0C5242A9}.AppStore|Any CPU.ActiveCfg = Release|x64
		{43C050B5-03C2-4E66-81F6-059C0C5242A9}.AppStore|Any CPU.Build.0 = Release|x64
		{43C050B5-03C2-4E66-81F6-059C0C5242A9}.AppStore|Any CPU.Deploy.0 = Release|x64
		{43C050B5-03C2-4E66-81F6-059C0C5242A9}.AppStore|ARM.ActiveCfg = Release|ARM
		{43C050B5-03C2-4E66-81F6-059C0C5242A9}.AppStore|ARM.Build.0 = Release|ARM
		{43C050B5-03C2-4E66-81F6-059C0C5242A9}.AppStore|ARM.Deploy.0 = Release|ARM
		{43C050B5-03C2-4E66-81F6-059C0C5242A9}.AppStore|ARM64.ActiveCfg = Release|ARM64
		{43C050B5-03C2-4E66-81F6-059C0C5242A9}.AppStore|ARM64.Build.0 = Release|ARM64
		{43C050B5-03C2-4E66-81F6-059C0C5242A9}.AppStore|ARM64.Deploy.0 = Release|ARM64
		{43C050B5-03C2-4E66-81F6-059C0C5242A9}.AppStore|iPhone.ActiveCfg = Release|x64
		{43C050B5-03C2-4E66-81F6-059C0C5242A9}.AppStore|iPhone.Build.0 = Release|x64
		{43C050B5-03C2-4E66-81F6-059C0C5242A9}.AppStore|iPhone.Deploy.0 = Release|x64
		{43C050B5-03C2-4E66-81F6-059C0C5242A9}.AppStore|iPhoneSimulator.ActiveCfg = Release|x64
		{43C050B5-03C2-4E66-81F6-059C0C5242A9}.AppStore|iPhoneSimulator.Build.0 = Release|x64
		{43C050B5-03C2-4E66-81F6-059C0C5242A9}.AppStore|iPhoneSimulator.Deploy.0 = Release|x64
		{43C050B5-03C2-4E66-81F6-059C0C5242A9}.AppStore|x64.ActiveCfg = Release|x64
		{43C050B5-03C2-4E66-81F6-059C0C5242A9}.AppStore|x64.Build.0 = Release|x64
		{43C050B5-03C2-4E66-81F6-059C0C5242A9}.AppStore|x64.Deploy.0 = Release|x64
		{43C050B5-03C2-4E66-81F6-059C0C5242A9}.AppStore|x86.ActiveCfg = Release|x86
		{43C050B5-03C2-4E66-81F6-059C0C5242A9}.AppStore|x86.Build.0 = Release|x86
		{43C050B5-03C2-4E66-81F6-059C0C5242A9}.AppStore|x86.Deploy.0 = Release|x86
		{43C050B5-03C2-4E66-81F6-059C0C5242A9}.Debug|Any CPU.ActiveCfg = Debug|x86
		{43C050B5-03C2-4E66-81F6-059C0C5242A9}.Debug|ARM.ActiveCfg = Debug|ARM
		{43C050B5-03C2-4E66-81F6-059C0C5242A9}.Debug|ARM.Build.0 = Debug|ARM
		{43C050B5-03C2-4E66-81F6-059C0C5242A9}.Debug|ARM.Deploy.0 = Debug|ARM
		{43C050B5-03C2-4E66-81F6-059C0C5242A9}.Debug|ARM64.ActiveCfg = Debug|ARM64
		{43C050B5-03C2-4E66-81F6-059C0C5242A9}.Debug|ARM64.Build.0 = Debug|ARM64
		{43C050B5-03C2-4E66-81F6-059C0C5242A9}.Debug|ARM64.Deploy.0 = Debug|ARM64
		{43C050B5-03C2-4E66-81F6-059C0C5242A9}.Debug|iPhone.ActiveCfg = Debug|x86
		{43C050B5-03C2-4E66-81F6-059C0C5242A9}.Debug|iPhoneSimulator.ActiveCfg = Debug|x86
		{43C050B5-03C2-4E66-81F6-059C0C5242A9}.Debug|x64.ActiveCfg = Debug|x64
		{43C050B5-03C2-4E66-81F6-059C0C5242A9}.Debug|x64.Build.0 = Debug|x64
		{43C050B5-03C2-4E66-81F6-059C0C5242A9}.Debug|x64.Deploy.0 = Debug|x64
		{43C050B5-03C2-4E66-81F6-059C0C5242A9}.Debug|x86.ActiveCfg = Debug|x86
		{43C050B5-03C2-4E66-81F6-059C0C5242A9}.Debug|x86.Build.0 = Debug|x86
		{43C050B5-03C2-4E66-81F6-059C0C5242A9}.Debug|x86.Deploy.0 = Debug|x86
		{43C050B5-03C2-4E66-81F6-059C0C5242A9}.Release|Any CPU.ActiveCfg = Release|x86
		{43C050B5-03C2-4E66-81F6-059C0C5242A9}.Release|ARM.ActiveCfg = Release|ARM
		{43C050B5-03C2-4E66-81F6-059C0C5242A9}.Release|ARM.Build.0 = Release|ARM
		{43C050B5-03C2-4E66-81F6-059C0C5242A9}.Release|ARM.Deploy.0 = Release|ARM
		{43C050B5-03C2-4E66-81F6-059C0C5242A9}.Release|ARM64.ActiveCfg = Release|ARM64
		{43C050B5-03C2-4E66-81F6-059C0C5242A9}.Release|ARM64.Build.0 = Release|ARM64
		{43C050B5-03C2-4E66-81F6-059C0C5242A9}.Release|ARM64.Deploy.0 = Release|ARM64
		{43C050B5-03C2-4E66-81F6-059C0C5242A9}.Release|iPhone.ActiveCfg = Release|x86
		{43C050B5-03C2-4E66-81F6-059C0C5242A9}.Release|iPhoneSimulator.ActiveCfg = Release|x86
		{43C050B5-03C2-4E66-81F6-059C0C5242A9}.Release|x64.ActiveCfg = Release|x64
		{43C050B5-03C2-4E66-81F6-059C0C5242A9}.Release|x64.Build.0 = Release|x64
		{43C050B5-03C2-4E66-81F6-059C0C5242A9}.Release|x64.Deploy.0 = Release|x64
		{43C050B5-03C2-4E66-81F6-059C0C5242A9}.Release|x86.ActiveCfg = Release|x86
		{43C050B5-03C2-4E66-81F6-059C0C5242A9}.Release|x86.Build.0 = Release|x86
		{43C050B5-03C2-4E66-81F6-059C0C5242A9}.Release|x86.Deploy.0 = Release|x86
	EndGlobalSection
	GlobalSection(SolutionProperties) = preSolution
		HideSolutionNode = FALSE
	EndGlobalSection
	GlobalSection(ExtensibilityGlobals) = postSolution
		SolutionGuid = {F6D05029-56B8-4E45-AF2D-0E76295DDBA2}
	EndGlobalSection
EndGlobal
